
Microsoft Visual Studio Solution File, Format Version 12.00
# Visual Studio Version 16
VisualStudioVersion = 16.0.31515.178
MinimumVisualStudioVersion = 15.0.26124.0
Project("{9A19103F-16F7-4668-BE54-9A1E7A4F7556}") = "registrar", "src\registrar.csproj", "{34F6DE7D-8118-4BF7-AF57-E0A255DAC86F}"
EndProject
Project("{9A19103F-16F7-4668-BE54-9A1E7A4F7556}") = "test-registrar-contract", "test\test-registrar-contract.csproj", "{B2A86776-D325-4B1E-81DB-2ADDBE537A1B}"
EndProject
Project("{2150E333-8FDC-42A3-9474-1A3956D46DE8}") = "client", "client", "{906218B6-3BA5-4675-888E-35EB46139826}"
EndProject
Project("{9A19103F-16F7-4668-BE54-9A1E7A4F7556}") = "cli-client", "client\cli\cli-client.csproj", "{5420EC1E-E7B9-402C-86D1-78A838D773D8}"
EndProject
Project("{2150E333-8FDC-42A3-9474-1A3956D46DE8}") = "Solution Items", "Solution Items", "{3183C4F0-DA4A-4E99-8126-075696FBEA1F}"
	ProjectSection(SolutionItems) = preProject
		.vscode\launch.json = .vscode\launch.json
	EndProjectSection
EndProject
Global
	GlobalSection(SolutionConfigurationPlatforms) = preSolution
		Debug|Any CPU = Debug|Any CPU
		Debug|x64 = Debug|x64
		Debug|x86 = Debug|x86
		Release|Any CPU = Release|Any CPU
		Release|x64 = Release|x64
		Release|x86 = Release|x86
	EndGlobalSection
	GlobalSection(ProjectConfigurationPlatforms) = postSolution
		{34F6DE7D-8118-4BF7-AF57-E0A255DAC86F}.Debug|Any CPU.ActiveCfg = Debug|Any CPU
		{34F6DE7D-8118-4BF7-AF57-E0A255DAC86F}.Debug|Any CPU.Build.0 = Debug|Any CPU
		{34F6DE7D-8118-4BF7-AF57-E0A255DAC86F}.Debug|x64.ActiveCfg = Debug|Any CPU
		{34F6DE7D-8118-4BF7-AF57-E0A255DAC86F}.Debug|x64.Build.0 = Debug|Any CPU
		{34F6DE7D-8118-4BF7-AF57-E0A255DAC86F}.Debug|x86.ActiveCfg = Debug|Any CPU
		{34F6DE7D-8118-4BF7-AF57-E0A255DAC86F}.Debug|x86.Build.0 = Debug|Any CPU
		{34F6DE7D-8118-4BF7-AF57-E0A255DAC86F}.Release|Any CPU.ActiveCfg = Release|Any CPU
		{34F6DE7D-8118-4BF7-AF57-E0A255DAC86F}.Release|Any CPU.Build.0 = Release|Any CPU
		{34F6DE7D-8118-4BF7-AF57-E0A255DAC86F}.Release|x64.ActiveCfg = Release|Any CPU
		{34F6DE7D-8118-4BF7-AF57-E0A255DAC86F}.Release|x64.Build.0 = Release|Any CPU
		{34F6DE7D-8118-4BF7-AF57-E0A255DAC86F}.Release|x86.ActiveCfg = Release|Any CPU
		{34F6DE7D-8118-4BF7-AF57-E0A255DAC86F}.Release|x86.Build.0 = Release|Any CPU
		{B2A86776-D325-4B1E-81DB-2ADDBE537A1B}.Debug|Any CPU.ActiveCfg = Debug|Any CPU
		{B2A86776-D325-4B1E-81DB-2ADDBE537A1B}.Debug|Any CPU.Build.0 = Debug|Any CPU
		{B2A86776-D325-4B1E-81DB-2ADDBE537A1B}.Debug|x64.ActiveCfg = Debug|Any CPU
		{B2A86776-D325-4B1E-81DB-2ADDBE537A1B}.Debug|x64.Build.0 = Debug|Any CPU
		{B2A86776-D325-4B1E-81DB-2ADDBE537A1B}.Debug|x86.ActiveCfg = Debug|Any CPU
		{B2A86776-D325-4B1E-81DB-2ADDBE537A1B}.Debug|x86.Build.0 = Debug|Any CPU
		{B2A86776-D325-4B1E-81DB-2ADDBE537A1B}.Release|Any CPU.ActiveCfg = Release|Any CPU
		{B2A86776-D325-4B1E-81DB-2ADDBE537A1B}.Release|Any CPU.Build.0 = Release|Any CPU
		{B2A86776-D325-4B1E-81DB-2ADDBE537A1B}.Release|x64.ActiveCfg = Release|Any CPU
		{B2A86776-D325-4B1E-81DB-2ADDBE537A1B}.Release|x64.Build.0 = Release|Any CPU
		{B2A86776-D325-4B1E-81DB-2ADDBE537A1B}.Release|x86.ActiveCfg = Release|Any CPU
		{B2A86776-D325-4B1E-81DB-2ADDBE537A1B}.Release|x86.Build.0 = Release|Any CPU
		{5420EC1E-E7B9-402C-86D1-78A838D773D8}.Debug|Any CPU.ActiveCfg = Debug|Any CPU
		{5420EC1E-E7B9-402C-86D1-78A838D773D8}.Debug|Any CPU.Build.0 = Debug|Any CPU
		{5420EC1E-E7B9-402C-86D1-78A838D773D8}.Debug|x64.ActiveCfg = Debug|Any CPU
		{5420EC1E-E7B9-402C-86D1-78A838D773D8}.Debug|x64.Build.0 = Debug|Any CPU
		{5420EC1E-E7B9-402C-86D1-78A838D773D8}.Debug|x86.ActiveCfg = Debug|Any CPU
		{5420EC1E-E7B9-402C-86D1-78A838D773D8}.Debug|x86.Build.0 = Debug|Any CPU
		{5420EC1E-E7B9-402C-86D1-78A838D773D8}.Release|Any CPU.ActiveCfg = Release|Any CPU
		{5420EC1E-E7B9-402C-86D1-78A838D773D8}.Release|Any CPU.Build.0 = Release|Any CPU
		{5420EC1E-E7B9-402C-86D1-78A838D773D8}.Release|x64.ActiveCfg = Release|Any CPU
		{5420EC1E-E7B9-402C-86D1-78A838D773D8}.Release|x64.Build.0 = Release|Any CPU
		{5420EC1E-E7B9-402C-86D1-78A838D773D8}.Release|x86.ActiveCfg = Release|Any CPU
		{5420EC1E-E7B9-402C-86D1-78A838D773D8}.Release|x86.Build.0 = Release|Any CPU
	EndGlobalSection
	GlobalSection(SolutionProperties) = preSolution
		HideSolutionNode = FALSE
	EndGlobalSection
	GlobalSection(NestedProjects) = preSolution
		{5420EC1E-E7B9-402C-86D1-78A838D773D8} = {906218B6-3BA5-4675-888E-35EB46139826}
	EndGlobalSection
	GlobalSection(ExtensibilityGlobals) = postSolution
		SolutionGuid = {FA26CCCE-12A8-4163-8324-1F27A50E2140}
	EndGlobalSection
EndGlobal
